
Microsoft Visual Studio Solution File, Format Version 12.00
# Visual Studio Version 16
VisualStudioVersion = 16.0.30804.86
MinimumVisualStudioVersion = 10.0.40219.1
Project("{FAE04EC0-301F-11D3-BF4B-00C04F79EFBC}") = "UI", "WindowsFormsApplication1\UI.csproj", "{FF24FDA7-8774-483E-BE6D-0B88A2A71CEE}"
EndProject
Project("{FAE04EC0-301F-11D3-BF4B-00C04F79EFBC}") = "Engine", "ClassLibrary1\Engine.csproj", "{E7C805E4-1991-49D0-86A6-07D0EEE42C32}"
EndProject
Global
	GlobalSection(SolutionConfigurationPlatforms) = preSolution
		Debug|Any CPU = Debug|Any CPU
		Release|Any CPU = Release|Any CPU
	EndGlobalSection
	GlobalSection(ProjectConfigurationPlatforms) = postSolution
		{FF24FDA7-8774-483E-BE6D-0B88A2A71CEE}.Debug|Any CPU.ActiveCfg = Debug|Any CPU
		{FF24FDA7-8774-483E-BE6D-0B88A2A71CEE}.Debug|Any CPU.Build.0 = Debug|Any CPU
		{FF24FDA7-8774-483E-BE6D-0B88A2A71CEE}.Release|Any CPU.ActiveCfg = Release|Any CPU
		{FF24FDA7-8774-483E-BE6D-0B88A2A71CEE}.Release|Any CPU.Build.0 = Release|Any CPU
		{E7C805E4-1991-49D0-86A6-07D0EEE42C32}.Debug|Any CPU.ActiveCfg = Debug|Any CPU
		{E7C805E4-1991-49D0-86A6-07D0EEE42C32}.Debug|Any CPU.Build.0 = Debug|Any CPU
		{E7C805E4-1991-49D0-86A6-07D0EEE42C32}.Release|Any CPU.ActiveCfg = Release|Any CPU
		{E7C805E4-1991-49D0-86A6-07D0EEE42C32}.Release|Any CPU.Build.0 = Release|Any CPU
	EndGlobalSection
	GlobalSection(SolutionProperties) = preSolution
		HideSolutionNode = FALSE
	EndGlobalSection
	GlobalSection(ExtensibilityGlobals) = postSolution
		SolutionGuid = {A48E1419-6E40-4382-B3E0-66E09D4A031A}
	EndGlobalSection
EndGlobal
